
Microsoft Visual Studio Solution File, Format Version 12.00
# Visual Studio Version 16
VisualStudioVersion = 16.0.31702.278
MinimumVisualStudioVersion = 10.0.40219.1
Project("{9A19103F-16F7-4668-BE54-9A1E7A4F7556}") = "Bast", "Bast\Bast.csproj", "{311E03D5-CE59-4A0D-AC9D-024EA8B5F99C}"
EndProject
Global
	GlobalSection(SolutionConfigurationPlatforms) = preSolution
		Debug|Any CPU = Debug|Any CPU
		Release|Any CPU = Release|Any CPU
	EndGlobalSection
	GlobalSection(ProjectConfigurationPlatforms) = postSolution
		{311E03D5-CE59-4A0D-AC9D-024EA8B5F99C}.Debug|Any CPU.ActiveCfg = Debug|Any CPU
		{311E03D5-CE59-4A0D-AC9D-024EA8B5F99C}.Debug|Any CPU.Build.0 = Debug|Any CPU
		{311E03D5-CE59-4A0D-AC9D-024EA8B5F99C}.Release|Any CPU.ActiveCfg = Release|Any CPU
		{311E03D5-CE59-4A0D-AC9D-024EA8B5F99C}.Release|Any CPU.Build.0 = Release|Any CPU
	EndGlobalSection
	GlobalSection(SolutionProperties) = preSolution
		HideSolutionNode = FALSE
	EndGlobalSection
	GlobalSection(ExtensibilityGlobals) = postSolution
		SolutionGuid = {8DA1EB84-1DF2-4326-9938-A31648CF02C6}
	EndGlobalSection
EndGlobal
