
Microsoft Visual Studio Solution File, Format Version 12.00
# Visual Studio Version 16
VisualStudioVersion = 16.0.30320.27
MinimumVisualStudioVersion = 10.0.40219.1
Project("{FAE04EC0-301F-11D3-BF4B-00C04F79EFBC}") = "SNCRYPT", "Crypt\SNCRYPT.csproj", "{594DFB25-8E3A-4C31-BB9C-8303972D7EF1}"
EndProject
Global
	GlobalSection(SolutionConfigurationPlatforms) = preSolution
		Debug|Any CPU = Debug|Any CPU
		Release|Any CPU = Release|Any CPU
	EndGlobalSection
	GlobalSection(ProjectConfigurationPlatforms) = postSolution
		{594DFB25-8E3A-4C31-BB9C-8303972D7EF1}.Debug|Any CPU.ActiveCfg = Debug|Any CPU
		{594DFB25-8E3A-4C31-BB9C-8303972D7EF1}.Debug|Any CPU.Build.0 = Debug|Any CPU
		{594DFB25-8E3A-4C31-BB9C-8303972D7EF1}.Release|Any CPU.ActiveCfg = Release|Any CPU
		{594DFB25-8E3A-4C31-BB9C-8303972D7EF1}.Release|Any CPU.Build.0 = Release|Any CPU
	EndGlobalSection
	GlobalSection(SolutionProperties) = preSolution
		HideSolutionNode = FALSE
	EndGlobalSection
	GlobalSection(ExtensibilityGlobals) = postSolution
		SolutionGuid = {C3D9526D-9D4A-4CEF-81B6-19FA2D9E870E}
	EndGlobalSection
EndGlobal
